
Microsoft Visual Studio Solution File, Format Version 12.00
# Visual Studio 14
VisualStudioVersion = 14.0.25420.1
MinimumVisualStudioVersion = 10.0.40219.1
Project("{2150E333-8FDC-42A3-9474-1A3956D46DE8}") = "Fwk", "Fwk", "{A1FC525E-0B30-43EB-B5F3-AF3F08F85869}"
EndProject
Project("{FAE04EC0-301F-11D3-BF4B-00C04F79EFBC}") = "Lai.Fwk.Logs", "Lai.Fwk.Logs\Lai.Fwk.Logs.csproj", "{441E6D2B-8FF4-49F4-8477-39C55497AC62}"
EndProject
Project("{FAE04EC0-301F-11D3-BF4B-00C04F79EFBC}") = "Lai.Fwk.Session", "Lai.Fwk.Session\Lai.Fwk.Session.csproj", "{0446AEF1-DD6E-4D43-A4B5-0965BEF804A9}"
EndProject
Project("{FAE04EC0-301F-11D3-BF4B-00C04F79EFBC}") = "Lai.Fwk.EntityFrameWork", "Lai.Fwk.EntityFrameWork\Lai.Fwk.EntityFrameWork.csproj", "{8FFFB439-DD00-4B13-8E4D-7A240B2B987E}"
EndProject
Project("{FAE04EC0-301F-11D3-BF4B-00C04F79EFBC}") = "Lai.Fwk.Configuration", "Lai.Fwk.Configuration\Lai.Fwk.Configuration.csproj", "{0366CBB9-4FC6-4BB8-BA94-0CB8AC68BB6F}"
EndProject
Project("{FAE04EC0-301F-11D3-BF4B-00C04F79EFBC}") = "Lai.Fwk.Cryptography", "Lai.Fwk.Cryptography\Lai.Fwk.Cryptography.csproj", "{8249C676-E100-4F2A-B0EF-31F861DA1D62}"
EndProject
Project("{FAE04EC0-301F-11D3-BF4B-00C04F79EFBC}") = "Lai.Fwk.Entities", "Lai.Fwk.Entities\Lai.Fwk.Entities.csproj", "{0BFD23AA-53A4-4C69-B20B-38B7699C32BB}"
EndProject
Project("{FAE04EC0-301F-11D3-BF4B-00C04F79EFBC}") = "Lai.Fwk.Enum", "Lai.Fwk.Enum\Lai.Fwk.Enum.csproj", "{B1401754-FE26-4236-9398-BF1B510A4E18}"
EndProject
Project("{FAE04EC0-301F-11D3-BF4B-00C04F79EFBC}") = "Lai.Fwk.Helpers", "Lai.Fwk.Helpers\Lai.Fwk.Helpers.csproj", "{0C6343AA-FF93-4437-9317-F71688E35494}"
EndProject
Project("{FAE04EC0-301F-11D3-BF4B-00C04F79EFBC}") = "Lai.Fwk.Notific", "Lai.Fwk.Notific\Lai.Fwk.Notific.csproj", "{493B9397-B74C-4C66-BF8D-580E5139F04F}"
EndProject
Global
	GlobalSection(SolutionConfigurationPlatforms) = preSolution
		Debug|Any CPU = Debug|Any CPU
		Release|Any CPU = Release|Any CPU
	EndGlobalSection
	GlobalSection(ProjectConfigurationPlatforms) = postSolution
		{441E6D2B-8FF4-49F4-8477-39C55497AC62}.Debug|Any CPU.ActiveCfg = Debug|Any CPU
		{441E6D2B-8FF4-49F4-8477-39C55497AC62}.Debug|Any CPU.Build.0 = Debug|Any CPU
		{441E6D2B-8FF4-49F4-8477-39C55497AC62}.Release|Any CPU.ActiveCfg = Release|Any CPU
		{441E6D2B-8FF4-49F4-8477-39C55497AC62}.Release|Any CPU.Build.0 = Release|Any CPU
		{0446AEF1-DD6E-4D43-A4B5-0965BEF804A9}.Debug|Any CPU.ActiveCfg = Debug|Any CPU
		{0446AEF1-DD6E-4D43-A4B5-0965BEF804A9}.Debug|Any CPU.Build.0 = Debug|Any CPU
		{0446AEF1-DD6E-4D43-A4B5-0965BEF804A9}.Release|Any CPU.ActiveCfg = Release|Any CPU
		{0446AEF1-DD6E-4D43-A4B5-0965BEF804A9}.Release|Any CPU.Build.0 = Release|Any CPU
		{8FFFB439-DD00-4B13-8E4D-7A240B2B987E}.Debug|Any CPU.ActiveCfg = Debug|Any CPU
		{8FFFB439-DD00-4B13-8E4D-7A240B2B987E}.Debug|Any CPU.Build.0 = Debug|Any CPU
		{8FFFB439-DD00-4B13-8E4D-7A240B2B987E}.Release|Any CPU.ActiveCfg = Release|Any CPU
		{8FFFB439-DD00-4B13-8E4D-7A240B2B987E}.Release|Any CPU.Build.0 = Release|Any CPU
		{0366CBB9-4FC6-4BB8-BA94-0CB8AC68BB6F}.Debug|Any CPU.ActiveCfg = Debug|Any CPU
		{0366CBB9-4FC6-4BB8-BA94-0CB8AC68BB6F}.Debug|Any CPU.Build.0 = Debug|Any CPU
		{0366CBB9-4FC6-4BB8-BA94-0CB8AC68BB6F}.Release|Any CPU.ActiveCfg = Release|Any CPU
		{0366CBB9-4FC6-4BB8-BA94-0CB8AC68BB6F}.Release|Any CPU.Build.0 = Release|Any CPU
		{8249C676-E100-4F2A-B0EF-31F861DA1D62}.Debug|Any CPU.ActiveCfg = Debug|Any CPU
		{8249C676-E100-4F2A-B0EF-31F861DA1D62}.Debug|Any CPU.Build.0 = Debug|Any CPU
		{8249C676-E100-4F2A-B0EF-31F861DA1D62}.Release|Any CPU.ActiveCfg = Release|Any CPU
		{8249C676-E100-4F2A-B0EF-31F861DA1D62}.Release|Any CPU.Build.0 = Release|Any CPU
		{0BFD23AA-53A4-4C69-B20B-38B7699C32BB}.Debug|Any CPU.ActiveCfg = Debug|Any CPU
		{0BFD23AA-53A4-4C69-B20B-38B7699C32BB}.Debug|Any CPU.Build.0 = Debug|Any CPU
		{0BFD23AA-53A4-4C69-B20B-38B7699C32BB}.Release|Any CPU.ActiveCfg = Release|Any CPU
		{0BFD23AA-53A4-4C69-B20B-38B7699C32BB}.Release|Any CPU.Build.0 = Release|Any CPU
		{B1401754-FE26-4236-9398-BF1B510A4E18}.Debug|Any CPU.ActiveCfg = Debug|Any CPU
		{B1401754-FE26-4236-9398-BF1B510A4E18}.Debug|Any CPU.Build.0 = Debug|Any CPU
		{B1401754-FE26-4236-9398-BF1B510A4E18}.Release|Any CPU.ActiveCfg = Release|Any CPU
		{B1401754-FE26-4236-9398-BF1B510A4E18}.Release|Any CPU.Build.0 = Release|Any CPU
		{0C6343AA-FF93-4437-9317-F71688E35494}.Debug|Any CPU.ActiveCfg = Debug|Any CPU
		{0C6343AA-FF93-4437-9317-F71688E35494}.Debug|Any CPU.Build.0 = Debug|Any CPU
		{0C6343AA-FF93-4437-9317-F71688E35494}.Release|Any CPU.ActiveCfg = Release|Any CPU
		{0C6343AA-FF93-4437-9317-F71688E35494}.Release|Any CPU.Build.0 = Release|Any CPU
		{493B9397-B74C-4C66-BF8D-580E5139F04F}.Debug|Any CPU.ActiveCfg = Debug|Any CPU
		{493B9397-B74C-4C66-BF8D-580E5139F04F}.Debug|Any CPU.Build.0 = Debug|Any CPU
		{493B9397-B74C-4C66-BF8D-580E5139F04F}.Release|Any CPU.ActiveCfg = Release|Any CPU
		{493B9397-B74C-4C66-BF8D-580E5139F04F}.Release|Any CPU.Build.0 = Release|Any CPU
	EndGlobalSection
	GlobalSection(SolutionProperties) = preSolution
		HideSolutionNode = FALSE
	EndGlobalSection
	GlobalSection(NestedProjects) = preSolution
		{441E6D2B-8FF4-49F4-8477-39C55497AC62} = {A1FC525E-0B30-43EB-B5F3-AF3F08F85869}
		{0446AEF1-DD6E-4D43-A4B5-0965BEF804A9} = {A1FC525E-0B30-43EB-B5F3-AF3F08F85869}
		{8FFFB439-DD00-4B13-8E4D-7A240B2B987E} = {A1FC525E-0B30-43EB-B5F3-AF3F08F85869}
		{0366CBB9-4FC6-4BB8-BA94-0CB8AC68BB6F} = {A1FC525E-0B30-43EB-B5F3-AF3F08F85869}
		{8249C676-E100-4F2A-B0EF-31F861DA1D62} = {A1FC525E-0B30-43EB-B5F3-AF3F08F85869}
		{0BFD23AA-53A4-4C69-B20B-38B7699C32BB} = {A1FC525E-0B30-43EB-B5F3-AF3F08F85869}
		{B1401754-FE26-4236-9398-BF1B510A4E18} = {A1FC525E-0B30-43EB-B5F3-AF3F08F85869}
		{0C6343AA-FF93-4437-9317-F71688E35494} = {A1FC525E-0B30-43EB-B5F3-AF3F08F85869}
		{493B9397-B74C-4C66-BF8D-580E5139F04F} = {A1FC525E-0B30-43EB-B5F3-AF3F08F85869}
	EndGlobalSection
EndGlobal
